
Microsoft Visual Studio Solution File, Format Version 12.00
# Visual Studio Version 17
VisualStudioVersion = 17.5.33516.290
MinimumVisualStudioVersion = 10.0.40219.1
Project("{FAE04EC0-301F-11D3-BF4B-00C04F79EFBC}") = "SignalRLiveSportsDashboardDemo", "SignalRLiveSportsDashboardDemo\SignalRLiveSportsDashboardDemo.csproj", "{1554D580-F705-4334-A60A-C4BD0B8C36DE}"
EndProject
Global
	GlobalSection(SolutionConfigurationPlatforms) = preSolution
		Debug|Any CPU = Debug|Any CPU
		Release|Any CPU = Release|Any CPU
	EndGlobalSection
	GlobalSection(ProjectConfigurationPlatforms) = postSolution
		{1554D580-F705-4334-A60A-C4BD0B8C36DE}.Debug|Any CPU.ActiveCfg = Debug|Any CPU
		{1554D580-F705-4334-A60A-C4BD0B8C36DE}.Debug|Any CPU.Build.0 = Debug|Any CPU
		{1554D580-F705-4334-A60A-C4BD0B8C36DE}.Release|Any CPU.ActiveCfg = Release|Any CPU
		{1554D580-F705-4334-A60A-C4BD0B8C36DE}.Release|Any CPU.Build.0 = Release|Any CPU
	EndGlobalSection
	GlobalSection(SolutionProperties) = preSolution
		HideSolutionNode = FALSE
	EndGlobalSection
	GlobalSection(ExtensibilityGlobals) = postSolution
		SolutionGuid = {24C1C13B-919F-44F4-9CB8-3A107EFC1A77}
	EndGlobalSection
EndGlobal
